
Microsoft Visual Studio Solution File, Format Version 12.00
# Visual Studio Version 17
VisualStudioVersion = 17.0.31903.59
MinimumVisualStudioVersion = 10.0.40219.1
Project("{2150E333-8FDC-42A3-9474-1A3956D46DE8}") = "GoWasmWrapper", "GoWasmWrapper", "{F89B61C7-7684-45E6-9954-E097F3D7296E}"
EndProject
Project("{FAE04EC0-301F-11D3-BF4B-00C04F79EFBC}") = "GoWasmWrapper", "GoWasmWrapper\GoWasmWrapper\GoWasmWrapper.csproj", "{D5B11EC7-BCD7-4371-A319-299B01E8903B}"
EndProject
Project("{FAE04EC0-301F-11D3-BF4B-00C04F79EFBC}") = "Pcrd", "Pcrd\Pcrd.csproj", "{3CA36084-0172-4C8E-8675-908B501C063E}"
EndProject
Global
	GlobalSection(SolutionConfigurationPlatforms) = preSolution
		Debug|Any CPU = Debug|Any CPU
		Release|Any CPU = Release|Any CPU
	EndGlobalSection
	GlobalSection(SolutionProperties) = preSolution
		HideSolutionNode = FALSE
	EndGlobalSection
	GlobalSection(ProjectConfigurationPlatforms) = postSolution
		{D5B11EC7-BCD7-4371-A319-299B01E8903B}.Debug|Any CPU.ActiveCfg = Debug|Any CPU
		{D5B11EC7-BCD7-4371-A319-299B01E8903B}.Debug|Any CPU.Build.0 = Debug|Any CPU
		{D5B11EC7-BCD7-4371-A319-299B01E8903B}.Release|Any CPU.ActiveCfg = Release|Any CPU
		{D5B11EC7-BCD7-4371-A319-299B01E8903B}.Release|Any CPU.Build.0 = Release|Any CPU
		{3CA36084-0172-4C8E-8675-908B501C063E}.Debug|Any CPU.ActiveCfg = Debug|Any CPU
		{3CA36084-0172-4C8E-8675-908B501C063E}.Debug|Any CPU.Build.0 = Debug|Any CPU
		{3CA36084-0172-4C8E-8675-908B501C063E}.Release|Any CPU.ActiveCfg = Release|Any CPU
		{3CA36084-0172-4C8E-8675-908B501C063E}.Release|Any CPU.Build.0 = Release|Any CPU
	EndGlobalSection
	GlobalSection(NestedProjects) = preSolution
		{D5B11EC7-BCD7-4371-A319-299B01E8903B} = {F89B61C7-7684-45E6-9954-E097F3D7296E}
	EndGlobalSection
EndGlobal
